
Microsoft Visual Studio Solution File, Format Version 12.00
# Visual Studio Version 16
VisualStudioVersion = 16.0.29306.81
MinimumVisualStudioVersion = 10.0.40219.1
Project("{FAE04EC0-301F-11D3-BF4B-00C04F79EFBC}") = "TicketsService", "TicketsService.csproj", "{5F0A5804-64A9-4572-800E-61491AB87423}"
EndProject
Global
	GlobalSection(SolutionConfigurationPlatforms) = preSolution
		Debug|Any CPU = Debug|Any CPU
		Release|Any CPU = Release|Any CPU
	EndGlobalSection
	GlobalSection(ProjectConfigurationPlatforms) = postSolution
		{5F0A5804-64A9-4572-800E-61491AB87423}.Debug|Any CPU.ActiveCfg = Debug|Any CPU
		{5F0A5804-64A9-4572-800E-61491AB87423}.Debug|Any CPU.Build.0 = Debug|Any CPU
		{5F0A5804-64A9-4572-800E-61491AB87423}.Release|Any CPU.ActiveCfg = Release|Any CPU
		{5F0A5804-64A9-4572-800E-61491AB87423}.Release|Any CPU.Build.0 = Release|Any CPU
	EndGlobalSection
	GlobalSection(SolutionProperties) = preSolution
		HideSolutionNode = FALSE
	EndGlobalSection
	GlobalSection(ExtensibilityGlobals) = postSolution
		SolutionGuid = {A09A6B6A-4151-423F-B18A-ED0ACEFB2F4E}
	EndGlobalSection
EndGlobal
